
Microsoft Visual Studio Solution File, Format Version 12.00
# Visual Studio Version 16
VisualStudioVersion = 25.0.1706.7
MinimumVisualStudioVersion = 10.0.40219.1
Project("{FAE04EC0-301F-11D3-BF4B-00C04F79EFBC}") = "subitoBot", "subitoBot\subitoBot.csproj", "{A59C0FFD-F971-4A88-BEF7-75568EC7120E}"
EndProject
Global
	GlobalSection(SolutionConfigurationPlatforms) = preSolution
		Debug|Any CPU = Debug|Any CPU
		Release|Any CPU = Release|Any CPU
	EndGlobalSection
	GlobalSection(ProjectConfigurationPlatforms) = postSolution
		{A59C0FFD-F971-4A88-BEF7-75568EC7120E}.Debug|Any CPU.ActiveCfg = Debug|Any CPU
		{A59C0FFD-F971-4A88-BEF7-75568EC7120E}.Debug|Any CPU.Build.0 = Debug|Any CPU
		{A59C0FFD-F971-4A88-BEF7-75568EC7120E}.Release|Any CPU.ActiveCfg = Release|Any CPU
		{A59C0FFD-F971-4A88-BEF7-75568EC7120E}.Release|Any CPU.Build.0 = Release|Any CPU
	EndGlobalSection
	GlobalSection(SolutionProperties) = preSolution
		HideSolutionNode = FALSE
	EndGlobalSection
	GlobalSection(ExtensibilityGlobals) = postSolution
		SolutionGuid = {E3E28698-CEA1-4C51-ABD5-C6A9F112F272}
	EndGlobalSection
EndGlobal
